
Microsoft Visual Studio Solution File, Format Version 12.00
# Visual Studio Version 17
VisualStudioVersion = 17.11.35222.181
MinimumVisualStudioVersion = 10.0.40219.1
Project("{8BC9CEB8-8B4A-11D0-8D11-00A0C91BC942}") = "LexicalAnalizator", "LexicalAnalizator\LexicalAnalizator.vcxproj", "{C7B2640C-4A19-4F2E-B6DB-6EE27A434D13}"
EndProject
Global
	GlobalSection(SolutionConfigurationPlatforms) = preSolution
		Debug|x64 = Debug|x64
		Debug|x86 = Debug|x86
		Release|x64 = Release|x64
		Release|x86 = Release|x86
	EndGlobalSection
	GlobalSection(ProjectConfigurationPlatforms) = postSolution
		{C7B2640C-4A19-4F2E-B6DB-6EE27A434D13}.Debug|x64.ActiveCfg = Debug|x64
		{C7B2640C-4A19-4F2E-B6DB-6EE27A434D13}.Debug|x64.Build.0 = Debug|x64
		{C7B2640C-4A19-4F2E-B6DB-6EE27A434D13}.Debug|x86.ActiveCfg = Debug|Win32
		{C7B2640C-4A19-4F2E-B6DB-6EE27A434D13}.Debug|x86.Build.0 = Debug|Win32
		{C7B2640C-4A19-4F2E-B6DB-6EE27A434D13}.Release|x64.ActiveCfg = Release|x64
		{C7B2640C-4A19-4F2E-B6DB-6EE27A434D13}.Release|x64.Build.0 = Release|x64
		{C7B2640C-4A19-4F2E-B6DB-6EE27A434D13}.Release|x86.ActiveCfg = Release|Win32
		{C7B2640C-4A19-4F2E-B6DB-6EE27A434D13}.Release|x86.Build.0 = Release|Win32
	EndGlobalSection
	GlobalSection(SolutionProperties) = preSolution
		HideSolutionNode = FALSE
	EndGlobalSection
	GlobalSection(ExtensibilityGlobals) = postSolution
		SolutionGuid = {22BA9BA5-AC7F-4424-868E-B49A80E6827B}
	EndGlobalSection
EndGlobal
